<?xml version="1.0" encoding="utf-8"?>
<Project ToolsVersion="16.0" xmlns="http://schemas.microsoft.com/developer/msbuild/2003">
  <ItemGroup>
    <CustomBuild Include="N:\Development\Dev_Base\json-c-0.16\msvc\CMakeFiles\e70ad9c4cf78b51e5b4472a7e618afac\generate.stamp.rule">
      <Filter>CMake Rules</Filter>
    </CustomBuild>
  </ItemGroup>
  <ItemGroup>
    <Filter Include="CMake Rules">
      <UniqueIdentifier>{FC17AFD6-2224-365B-9162-411526CCFFC7}</UniqueIdentifier>
    </Filter>
  </ItemGroup>
</Project>
